// !$*UTF8*$!
{
	archiveVersion = 1;
	classes = {
	};
	objectVersion = 46;
	objects = {

/* Begin PBXBuildFile section */
		2994A1C51A8CF9DF00C4EF98 /* iQNumericTextCell.swift in Sources */ = {isa = PBXBuildFile; fileRef = 2994A1C41A8CF9DF00C4EF98 /* iQNumericTextCell.swift */; };
		8FE5D0261A8B554400BEB43F /* Images.xcassets in Resources */ = {isa = PBXBuildFile; fileRef = 8FE5D0251A8B554400BEB43F /* Images.xcassets */; };
		8FE5D0291A8B554500BEB43F /* LaunchScreen.xib in Resources */ = {isa = PBXBuildFile; fileRef = 8FE5D0271A8B554500BEB43F /* LaunchScreen.xib */; };
		8FE5D0351A8B554700BEB43F /* iQTests.swift in Sources */ = {isa = PBXBuildFile; fileRef = 8FE5D0341A8B554700BEB43F /* iQTests.swift */; };
		8FE5D03F1A8B55AE00BEB43F /* AppDelegate.swift in Sources */ = {isa = PBXBuildFile; fileRef = 8FE5D03E1A8B55AE00BEB43F /* AppDelegate.swift */; };
		8FE5D0491A8B55D800BEB43F /* Home.swift in Sources */ = {isa = PBXBuildFile; fileRef = 8FE5D0401A8B55D800BEB43F /* Home.swift */; };
		8FE5D04A1A8B55D800BEB43F /* iQCell.swift in Sources */ = {isa = PBXBuildFile; fileRef = 8FE5D0411A8B55D800BEB43F /* iQCell.swift */; };
		8FE5D04B1A8B55D800BEB43F /* iQEmailCell.swift in Sources */ = {isa = PBXBuildFile; fileRef = 8FE5D0421A8B55D800BEB43F /* iQEmailCell.swift */; };
		8FE5D04C1A8B55D800BEB43F /* iQField.swift in Sources */ = {isa = PBXBuildFile; fileRef = 8FE5D0431A8B55D800BEB43F /* iQField.swift */; };
		8FE5D04D1A8B55D800BEB43F /* iQSegmentedCell.swift in Sources */ = {isa = PBXBuildFile; fileRef = 8FE5D0441A8B55D800BEB43F /* iQSegmentedCell.swift */; };
		8FE5D04E1A8B55D800BEB43F /* iQSwitch.swift in Sources */ = {isa = PBXBuildFile; fileRef = 8FE5D0451A8B55D800BEB43F /* iQSwitch.swift */; };
		8FE5D04F1A8B55D800BEB43F /* iQTableViewController.swift in Sources */ = {isa = PBXBuildFile; fileRef = 8FE5D0461A8B55D800BEB43F /* iQTableViewController.swift */; };
		8FE5D0501A8B55D800BEB43F /* iQTextCell.swift in Sources */ = {isa = PBXBuildFile; fileRef = 8FE5D0471A8B55D800BEB43F /* iQTextCell.swift */; };
		8FE5D0511A8B55D800BEB43F /* ReceiptDetail.swift in Sources */ = {isa = PBXBuildFile; fileRef = 8FE5D0481A8B55D800BEB43F /* ReceiptDetail.swift */; };
		8FE5D0531A8B570700BEB43F /* ReceiptObjectModel.swift in Sources */ = {isa = PBXBuildFile; fileRef = 8FE5D0521A8B570700BEB43F /* ReceiptObjectModel.swift */; };
		8FE5D0571A8CA99000BEB43F /* iQFields.swift in Sources */ = {isa = PBXBuildFile; fileRef = 8FE5D0561A8CA99000BEB43F /* iQFields.swift */; };
/* End PBXBuildFile section */

/* Begin PBXContainerItemProxy section */
		8FE5D02F1A8B554700BEB43F /* PBXContainerItemProxy */ = {
			isa = PBXContainerItemProxy;
			containerPortal = 8FE5D00E1A8B553B00BEB43F /* Project object */;
			proxyType = 1;
			remoteGlobalIDString = 8FE5D0151A8B553C00BEB43F;
			remoteInfo = iQ;
		};
/* End PBXContainerItemProxy section */

/* Begin PBXFileReference section */
		2994A1C41A8CF9DF00C4EF98 /* iQNumericTextCell.swift */ = {isa = PBXFileReference; fileEncoding = 4; lastKnownFileType = sourcecode.swift; path = iQNumericTextCell.swift; sourceTree = "<group>"; };
		8FE5D0161A8B553E00BEB43F /* iQ.app */ = {isa = PBXFileReference; explicitFileType = wrapper.application; includeInIndex = 0; path = iQ.app; sourceTree = BUILT_PRODUCTS_DIR; };
		8FE5D01A1A8B554000BEB43F /* Info.plist */ = {isa = PBXFileReference; lastKnownFileType = text.plist.xml; path = Info.plist; sourceTree = "<group>"; };
		8FE5D0251A8B554400BEB43F /* Images.xcassets */ = {isa = PBXFileReference; lastKnownFileType = folder.assetcatalog; path = Images.xcassets; sourceTree = "<group>"; };
		8FE5D0281A8B554500BEB43F /* Base */ = {isa = PBXFileReference; lastKnownFileType = file.xib; name = Base; path = Base.lproj/LaunchScreen.xib; sourceTree = "<group>"; };
		8FE5D02E1A8B554700BEB43F /* iQTests.xctest */ = {isa = PBXFileReference; explicitFileType = wrapper.cfbundle; includeInIndex = 0; path = iQTests.xctest; sourceTree = BUILT_PRODUCTS_DIR; };
		8FE5D0331A8B554700BEB43F /* Info.plist */ = {isa = PBXFileReference; lastKnownFileType = text.plist.xml; path = Info.plist; sourceTree = "<group>"; };
		8FE5D0341A8B554700BEB43F /* iQTests.swift */ = {isa = PBXFileReference; lastKnownFileType = sourcecode.swift; path = iQTests.swift; sourceTree = "<group>"; };
		8FE5D03E1A8B55AE00BEB43F /* AppDelegate.swift */ = {isa = PBXFileReference; fileEncoding = 4; lastKnownFileType = sourcecode.swift; path = AppDelegate.swift; sourceTree = "<group>"; };
		8FE5D0401A8B55D800BEB43F /* Home.swift */ = {isa = PBXFileReference; fileEncoding = 4; lastKnownFileType = sourcecode.swift; path = Home.swift; sourceTree = "<group>"; };
		8FE5D0411A8B55D800BEB43F /* iQCell.swift */ = {isa = PBXFileReference; fileEncoding = 4; lastKnownFileType = sourcecode.swift; path = iQCell.swift; sourceTree = "<group>"; };
		8FE5D0421A8B55D800BEB43F /* iQEmailCell.swift */ = {isa = PBXFileReference; fileEncoding = 4; lastKnownFileType = sourcecode.swift; path = iQEmailCell.swift; sourceTree = "<group>"; };
		8FE5D0431A8B55D800BEB43F /* iQField.swift */ = {isa = PBXFileReference; fileEncoding = 4; lastKnownFileType = sourcecode.swift; path = iQField.swift; sourceTree = "<group>"; };
		8FE5D0441A8B55D800BEB43F /* iQSegmentedCell.swift */ = {isa = PBXFileReference; fileEncoding = 4; lastKnownFileType = sourcecode.swift; path = iQSegmentedCell.swift; sourceTree = "<group>"; };
		8FE5D0451A8B55D800BEB43F /* iQSwitch.swift */ = {isa = PBXFileReference; fileEncoding = 4; lastKnownFileType = sourcecode.swift; path = iQSwitch.swift; sourceTree = "<group>"; };
		8FE5D0461A8B55D800BEB43F /* iQTableViewController.swift */ = {isa = PBXFileReference; fileEncoding = 4; lastKnownFileType = sourcecode.swift; path = iQTableViewController.swift; sourceTree = "<group>"; };
		8FE5D0471A8B55D800BEB43F /* iQTextCell.swift */ = {isa = PBXFileReference; fileEncoding = 4; lastKnownFileType = sourcecode.swift; path = iQTextCell.swift; sourceTree = "<group>"; };
		8FE5D0481A8B55D800BEB43F /* ReceiptDetail.swift */ = {isa = PBXFileReference; fileEncoding = 4; lastKnownFileType = sourcecode.swift; path = ReceiptDetail.swift; sourceTree = "<group>"; };
		8FE5D0521A8B570700BEB43F /* ReceiptObjectModel.swift */ = {isa = PBXFileReference; fileEncoding = 4; lastKnownFileType = sourcecode.swift; path = ReceiptObjectModel.swift; sourceTree = "<group>"; };
		8FE5D0561A8CA99000BEB43F /* iQFields.swift */ = {isa = PBXFileReference; fileEncoding = 4; lastKnownFileType = sourcecode.swift; path = iQFields.swift; sourceTree = "<group>"; };
/* End PBXFileReference section */

/* Begin PBXFrameworksBuildPhase section */
		8FE5D0131A8B553C00BEB43F /* Frameworks */ = {
			isa = PBXFrameworksBuildPhase;
			buildActionMask = 2147483647;
			files = (
			);
			runOnlyForDeploymentPostprocessing = 0;
		};
		8FE5D02B1A8B554700BEB43F /* Frameworks */ = {
			isa = PBXFrameworksBuildPhase;
			buildActionMask = 2147483647;
			files = (
			);
			runOnlyForDeploymentPostprocessing = 0;
		};
/* End PBXFrameworksBuildPhase section */

/* Begin PBXGroup section */
		8FE5D00D1A8B553B00BEB43F = {
			isa = PBXGroup;
			children = (
				8FE5D0181A8B553E00BEB43F /* iQ */,
				8FE5D0311A8B554700BEB43F /* iQTests */,
				8FE5D0171A8B553E00BEB43F /* Products */,
			);
			sourceTree = "<group>";
		};
		8FE5D0171A8B553E00BEB43F /* Products */ = {
			isa = PBXGroup;
			children = (
				8FE5D0161A8B553E00BEB43F /* iQ.app */,
				8FE5D02E1A8B554700BEB43F /* iQTests.xctest */,
			);
			name = Products;
			sourceTree = "<group>";
		};
		8FE5D0181A8B553E00BEB43F /* iQ */ = {
			isa = PBXGroup;
			children = (
				8FE5D03E1A8B55AE00BEB43F /* AppDelegate.swift */,
				8FE5D0521A8B570700BEB43F /* ReceiptObjectModel.swift */,
				8FE5D0401A8B55D800BEB43F /* Home.swift */,
				8FE5D0481A8B55D800BEB43F /* ReceiptDetail.swift */,
				8FE5D0431A8B55D800BEB43F /* iQField.swift */,
				8FE5D0561A8CA99000BEB43F /* iQFields.swift */,
				8FE5D0411A8B55D800BEB43F /* iQCell.swift */,
				8FE5D0471A8B55D800BEB43F /* iQTextCell.swift */,
				8FE5D0421A8B55D800BEB43F /* iQEmailCell.swift */,
				8FE5D0441A8B55D800BEB43F /* iQSegmentedCell.swift */,
				8FE5D0451A8B55D800BEB43F /* iQSwitch.swift */,
				8FE5D0461A8B55D800BEB43F /* iQTableViewController.swift */,
				8FE5D0251A8B554400BEB43F /* Images.xcassets */,
				8FE5D0271A8B554500BEB43F /* LaunchScreen.xib */,
				8FE5D0191A8B553F00BEB43F /* Supporting Files */,
				2994A1C41A8CF9DF00C4EF98 /* iQNumericTextCell.swift */,
			);
			path = iQ;
			sourceTree = "<group>";
		};
		8FE5D0191A8B553F00BEB43F /* Supporting Files */ = {
			isa = PBXGroup;
			children = (
				8FE5D01A1A8B554000BEB43F /* Info.plist */,
			);
			name = "Supporting Files";
			sourceTree = "<group>";
		};
		8FE5D0311A8B554700BEB43F /* iQTests */ = {
			isa = PBXGroup;
			children = (
				8FE5D0341A8B554700BEB43F /* iQTests.swift */,
				8FE5D0321A8B554700BEB43F /* Supporting Files */,
			);
			path = iQTests;
			sourceTree = "<group>";
		};
		8FE5D0321A8B554700BEB43F /* Supporting Files */ = {
			isa = PBXGroup;
			children = (
				8FE5D0331A8B554700BEB43F /* Info.plist */,
			);
			name = "Supporting Files";
			sourceTree = "<group>";
		};
/* End PBXGroup section */

/* Begin PBXNativeTarget section */
		8FE5D0151A8B553C00BEB43F /* iQ */ = {
			isa = PBXNativeTarget;
			buildConfigurationList = 8FE5D0381A8B554700BEB43F /* Build configuration list for PBXNativeTarget "iQ" */;
			buildPhases = (
				8FE5D0121A8B553C00BEB43F /* Sources */,
				8FE5D0131A8B553C00BEB43F /* Frameworks */,
				8FE5D0141A8B553C00BEB43F /* Resources */,
			);
			buildRules = (
			);
			dependencies = (
			);
			name = iQ;
			productName = iQ;
			productReference = 8FE5D0161A8B553E00BEB43F /* iQ.app */;
			productType = "com.apple.product-type.application";
		};
		8FE5D02D1A8B554700BEB43F /* iQTests */ = {
			isa = PBXNativeTarget;
			buildConfigurationList = 8FE5D03B1A8B554700BEB43F /* Build configuration list for PBXNativeTarget "iQTests" */;
			buildPhases = (
				8FE5D02A1A8B554700BEB43F /* Sources */,
				8FE5D02B1A8B554700BEB43F /* Frameworks */,
				8FE5D02C1A8B554700BEB43F /* Resources */,
			);
			buildRules = (
			);
			dependencies = (
				8FE5D0301A8B554700BEB43F /* PBXTargetDependency */,
			);
			name = iQTests;
			productName = iQTests;
			productReference = 8FE5D02E1A8B554700BEB43F /* iQTests.xctest */;
			productType = "com.apple.product-type.bundle.unit-test";
		};
/* End PBXNativeTarget section */

/* Begin PBXProject section */
		8FE5D00E1A8B553B00BEB43F /* Project object */ = {
			isa = PBXProject;
			attributes = {
				LastUpgradeCheck = 0610;
				ORGANIZATIONNAME = "Pierre Henry";
				TargetAttributes = {
					8FE5D0151A8B553C00BEB43F = {
						CreatedOnToolsVersion = 6.1.1;
					};
					8FE5D02D1A8B554700BEB43F = {
						CreatedOnToolsVersion = 6.1.1;
						TestTargetID = 8FE5D0151A8B553C00BEB43F;
					};
				};
			};
			buildConfigurationList = 8FE5D0111A8B553B00BEB43F /* Build configuration list for PBXProject "iQ" */;
			compatibilityVersion = "Xcode 3.2";
			developmentRegion = English;
			hasScannedForEncodings = 0;
			knownRegions = (
				en,
				Base,
			);
			mainGroup = 8FE5D00D1A8B553B00BEB43F;
			productRefGroup = 8FE5D0171A8B553E00BEB43F /* Products */;
			projectDirPath = "";
			projectRoot = "";
			targets = (
				8FE5D0151A8B553C00BEB43F /* iQ */,
				8FE5D02D1A8B554700BEB43F /* iQTests */,
			);
		};
/* End PBXProject section */

/* Begin PBXResourcesBuildPhase section */
		8FE5D0141A8B553C00BEB43F /* Resources */ = {
			isa = PBXResourcesBuildPhase;
			buildActionMask = 2147483647;
			files = (
				8FE5D0291A8B554500BEB43F /* LaunchScreen.xib in Resources */,
				8FE5D0261A8B554400BEB43F /* Images.xcassets in Resources */,
			);
			runOnlyForDeploymentPostprocessing = 0;
		};
		8FE5D02C1A8B554700BEB43F /* Resources */ = {
			isa = PBXResourcesBuildPhase;
			buildActionMask = 2147483647;
			files = (
			);
			runOnlyForDeploymentPostprocessing = 0;
		};
/* End PBXResourcesBuildPhase section */

/* Begin PBXSourcesBuildPhase section */
		8FE5D0121A8B553C00BEB43F /* Sources */ = {
			isa = PBXSourcesBuildPhase;
			buildActionMask = 2147483647;
			files = (
				2994A1C51A8CF9DF00C4EF98 /* iQNumericTextCell.swift in Sources */,
				8FE5D04C1A8B55D800BEB43F /* iQField.swift in Sources */,
				8FE5D03F1A8B55AE00BEB43F /* AppDelegate.swift in Sources */,
				8FE5D0531A8B570700BEB43F /* ReceiptObjectModel.swift in Sources */,
				8FE5D0501A8B55D800BEB43F /* iQTextCell.swift in Sources */,
				8FE5D04A1A8B55D800BEB43F /* iQCell.swift in Sources */,
				8FE5D04F1A8B55D800BEB43F /* iQTableViewController.swift in Sources */,
				8FE5D0571A8CA99000BEB43F /* iQFields.swift in Sources */,
				8FE5D04B1A8B55D800BEB43F /* iQEmailCell.swift in Sources */,
				8FE5D0511A8B55D800BEB43F /* ReceiptDetail.swift in Sources */,
				8FE5D0491A8B55D800BEB43F /* Home.swift in Sources */,
				8FE5D04E1A8B55D800BEB43F /* iQSwitch.swift in Sources */,
				8FE5D04D1A8B55D800BEB43F /* iQSegmentedCell.swift in Sources */,
			);
			runOnlyForDeploymentPostprocessing = 0;
		};
		8FE5D02A1A8B554700BEB43F /* Sources */ = {
			isa = PBXSourcesBuildPhase;
			buildActionMask = 2147483647;
			files = (
				8FE5D0351A8B554700BEB43F /* iQTests.swift in Sources */,
			);
			runOnlyForDeploymentPostprocessing = 0;
		};
/* End PBXSourcesBuildPhase section */

/* Begin PBXTargetDependency section */
		8FE5D0301A8B554700BEB43F /* PBXTargetDependency */ = {
			isa = PBXTargetDependency;
			target = 8FE5D0151A8B553C00BEB43F /* iQ */;
			targetProxy = 8FE5D02F1A8B554700BEB43F /* PBXContainerItemProxy */;
		};
/* End PBXTargetDependency section */

/* Begin PBXVariantGroup section */
		8FE5D0271A8B554500BEB43F /* LaunchScreen.xib */ = {
			isa = PBXVariantGroup;
			children = (
				8FE5D0281A8B554500BEB43F /* Base */,
			);
			name = LaunchScreen.xib;
			sourceTree = "<group>";
		};
/* End PBXVariantGroup section */

/* Begin XCBuildConfiguration section */
		8FE5D0361A8B554700BEB43F /* Debug */ = {
			isa = XCBuildConfiguration;
			buildSettings = {
				ALWAYS_SEARCH_USER_PATHS = NO;
				CLANG_CXX_LANGUAGE_STANDARD = "gnu++0x";
				CLANG_CXX_LIBRARY = "libc++";
				CLANG_ENABLE_MODULES = YES;
				CLANG_ENABLE_OBJC_ARC = YES;
				CLANG_WARN_BOOL_CONVERSION = YES;
				CLANG_WARN_CONSTANT_CONVERSION = YES;
				CLANG_WARN_DIRECT_OBJC_ISA_USAGE = YES_ERROR;
				CLANG_WARN_EMPTY_BODY = YES;
				CLANG_WARN_ENUM_CONVERSION = YES;
				CLANG_WARN_INT_CONVERSION = YES;
				CLANG_WARN_OBJC_ROOT_CLASS = YES_ERROR;
				CLANG_WARN_UNREACHABLE_CODE = YES;
				CLANG_WARN__DUPLICATE_METHOD_MATCH = YES;
				"CODE_SIGN_IDENTITY[sdk=iphoneos*]" = "iPhone Developer";
				COPY_PHASE_STRIP = NO;
				ENABLE_STRICT_OBJC_MSGSEND = YES;
				GCC_C_LANGUAGE_STANDARD = gnu99;
				GCC_DYNAMIC_NO_PIC = NO;
				GCC_OPTIMIZATION_LEVEL = 0;
				GCC_PREPROCESSOR_DEFINITIONS = (
					"DEBUG=1",
					"$(inherited)",
				);
				GCC_SYMBOLS_PRIVATE_EXTERN = NO;
				GCC_WARN_64_TO_32_BIT_CONVERSION = YES;
				GCC_WARN_ABOUT_RETURN_TYPE = YES_ERROR;
				GCC_WARN_UNDECLARED_SELECTOR = YES;
				GCC_WARN_UNINITIALIZED_AUTOS = YES_AGGRESSIVE;
				GCC_WARN_UNUSED_FUNCTION = YES;
				GCC_WARN_UNUSED_VARIABLE = YES;
				IPHONEOS_DEPLOYMENT_TARGET = 8.1;
				MTL_ENABLE_DEBUG_INFO = YES;
				ONLY_ACTIVE_ARCH = YES;
				SDKROOT = iphoneos;
				SWIFT_OPTIMIZATION_LEVEL = "-Onone";
				TARGETED_DEVICE_FAMILY = "1,2";
			};
			name = Debug;
		};
		8FE5D0371A8B554700BEB43F /* Release */ = {
			isa = XCBuildConfiguration;
			buildSettings = {
				ALWAYS_SEARCH_USER_PATHS = NO;
				CLANG_CXX_LANGUAGE_STANDARD = "gnu++0x";
				CLANG_CXX_LIBRARY = "libc++";
				CLANG_ENABLE_MODULES = YES;
				CLANG_ENABLE_OBJC_ARC = YES;
				CLANG_WARN_BOOL_CONVERSION = YES;
				CLANG_WARN_CONSTANT_CONVERSION = YES;
				CLANG_WARN_DIRECT_OBJC_ISA_USAGE = YES_ERROR;
				CLANG_WARN_EMPTY_BODY = YES;
				CLANG_WARN_ENUM_CONVERSION = YES;
				CLANG_WARN_INT_CONVERSION = YES;
				CLANG_WARN_OBJC_ROOT_CLASS = YES_ERROR;
				CLANG_WARN_UNREACHABLE_CODE = YES;
				CLANG_WARN__DUPLICATE_METHOD_MATCH = YES;
				"CODE_SIGN_IDENTITY[sdk=iphoneos*]" = "iPhone Developer";
				COPY_PHASE_STRIP = YES;
				ENABLE_NS_ASSERTIONS = NO;
				ENABLE_STRICT_OBJC_MSGSEND = YES;
				GCC_C_LANGUAGE_STANDARD = gnu99;
				GCC_WARN_64_TO_32_BIT_CONVERSION = YES;
				GCC_WARN_ABOUT_RETURN_TYPE = YES_ERROR;
				GCC_WARN_UNDECLARED_SELECTOR = YES;
				GCC_WARN_UNINITIALIZED_AUTOS = YES_AGGRESSIVE;
				GCC_WARN_UNUSED_FUNCTION = YES;
				GCC_WARN_UNUSED_VARIABLE = YES;
				IPHONEOS_DEPLOYMENT_TARGET = 8.1;
				MTL_ENABLE_DEBUG_INFO = NO;
				SDKROOT = iphoneos;
				TARGETED_DEVICE_FAMILY = "1,2";
				VALIDATE_PRODUCT = YES;
			};
			name = Release;
		};
		8FE5D0391A8B554700BEB43F /* Debug */ = {
			isa = XCBuildConfiguration;
			buildSettings = {
				ASSETCATALOG_COMPILER_APPICON_NAME = AppIcon;
				CLANG_ENABLE_MODULES = YES;
				INFOPLIST_FILE = iQ/Info.plist;
				LD_RUNPATH_SEARCH_PATHS = "$(inherited) @executable_path/Frameworks";
				PRODUCT_NAME = "$(TARGET_NAME)";
				SWIFT_OPTIMIZATION_LEVEL = "-Onone";
			};
			name = Debug;
		};
		8FE5D03A1A8B554700BEB43F /* Release */ = {
			isa = XCBuildConfiguration;
			buildSettings = {
				ASSETCATALOG_COMPILER_APPICON_NAME = AppIcon;
				CLANG_ENABLE_MODULES = YES;
				INFOPLIST_FILE = iQ/Info.plist;
				LD_RUNPATH_SEARCH_PATHS = "$(inherited) @executable_path/Frameworks";
				PRODUCT_NAME = "$(TARGET_NAME)";
			};
			name = Release;
		};
		8FE5D03C1A8B554700BEB43F /* Debug */ = {
			isa = XCBuildConfiguration;
			buildSettings = {
				BUNDLE_LOADER = "$(TEST_HOST)";
				FRAMEWORK_SEARCH_PATHS = (
					"$(SDKROOT)/Developer/Library/Frameworks",
					"$(inherited)",
				);
				GCC_PREPROCESSOR_DEFINITIONS = (
					"DEBUG=1",
					"$(inherited)",
				);
				INFOPLIST_FILE = iQTests/Info.plist;
				LD_RUNPATH_SEARCH_PATHS = "$(inherited) @executable_path/Frameworks @loader_path/Frameworks";
				PRODUCT_NAME = "$(TARGET_NAME)";
				TEST_HOST = "$(BUILT_PRODUCTS_DIR)/iQ.app/iQ";
			};
			name = Debug;
		};
		8FE5D03D1A8B554700BEB43F /* Release */ = {
			isa = XCBuildConfiguration;
			buildSettings = {
				BUNDLE_LOADER = "$(TEST_HOST)";
				FRAMEWORK_SEARCH_PATHS = (
					"$(SDKROOT)/Developer/Library/Frameworks",
					"$(inherited)",
				);
				INFOPLIST_FILE = iQTests/Info.plist;
				LD_RUNPATH_SEARCH_PATHS = "$(inherited) @executable_path/Frameworks @loader_path/Frameworks";
				PRODUCT_NAME = "$(TARGET_NAME)";
				TEST_HOST = "$(BUILT_PRODUCTS_DIR)/iQ.app/iQ";
			};
			name = Release;
		};
/* End XCBuildConfiguration section */

/* Begin XCConfigurationList section */
		8FE5D0111A8B553B00BEB43F /* Build configuration list for PBXProject "iQ" */ = {
			isa = XCConfigurationList;
			buildConfigurations = (
				8FE5D0361A8B554700BEB43F /* Debug */,
				8FE5D0371A8B554700BEB43F /* Release */,
			);
			defaultConfigurationIsVisible = 0;
			defaultConfigurationName = Release;
		};
		8FE5D0381A8B554700BEB43F /* Build configuration list for PBXNativeTarget "iQ" */ = {
			isa = XCConfigurationList;
			buildConfigurations = (
				8FE5D0391A8B554700BEB43F /* Debug */,
				8FE5D03A1A8B554700BEB43F /* Release */,
			);
			defaultConfigurationIsVisible = 0;
			defaultConfigurationName = Release;
		};
		8FE5D03B1A8B554700BEB43F /* Build configuration list for PBXNativeTarget "iQTests" */ = {
			isa = XCConfigurationList;
			buildConfigurations = (
				8FE5D03C1A8B554700BEB43F /* Debug */,
				8FE5D03D1A8B554700BEB43F /* Release */,
			);
			defaultConfigurationIsVisible = 0;
			defaultConfigurationName = Release;
		};
/* End XCConfigurationList section */
	};
	rootObject = 8FE5D00E1A8B553B00BEB43F /* Project object */;
}
